
Microsoft Visual Studio Solution File, Format Version 12.00
# Visual Studio Version 17
VisualStudioVersion = 17.3.32929.385
MinimumVisualStudioVersion = 10.0.40219.1
Project("{FAE04EC0-301F-11D3-BF4B-00C04F79EFBC}") = "Feladat 70", "Feladat 70\Feladat 70.csproj", "{ED4028D2-632A-4335-B47B-DCA93959EAB0}"
EndProject
Global
	GlobalSection(SolutionConfigurationPlatforms) = preSolution
		Debug|Any CPU = Debug|Any CPU
		Release|Any CPU = Release|Any CPU
	EndGlobalSection
	GlobalSection(ProjectConfigurationPlatforms) = postSolution
		{ED4028D2-632A-4335-B47B-DCA93959EAB0}.Debug|Any CPU.ActiveCfg = Debug|Any CPU
		{ED4028D2-632A-4335-B47B-DCA93959EAB0}.Debug|Any CPU.Build.0 = Debug|Any CPU
		{ED4028D2-632A-4335-B47B-DCA93959EAB0}.Release|Any CPU.ActiveCfg = Release|Any CPU
		{ED4028D2-632A-4335-B47B-DCA93959EAB0}.Release|Any CPU.Build.0 = Release|Any CPU
	EndGlobalSection
	GlobalSection(SolutionProperties) = preSolution
		HideSolutionNode = FALSE
	EndGlobalSection
	GlobalSection(ExtensibilityGlobals) = postSolution
		SolutionGuid = {E03AA309-B1DC-404D-BDBB-B825AC1804E9}
	EndGlobalSection
EndGlobal
