
Microsoft Visual Studio Solution File, Format Version 12.00
# Visual Studio Version 16
VisualStudioVersion = 16.0.32413.511
MinimumVisualStudioVersion = 10.0.40219.1
Project("{FAE04EC0-301F-11D3-BF4B-00C04F79EFBC}") = "Feladat 49", "Feladat 49\Feladat 49.csproj", "{76D4DD07-288B-489C-8EC1-70F34DB704D0}"
EndProject
Global
	GlobalSection(SolutionConfigurationPlatforms) = preSolution
		Debug|Any CPU = Debug|Any CPU
		Release|Any CPU = Release|Any CPU
	EndGlobalSection
	GlobalSection(ProjectConfigurationPlatforms) = postSolution
		{76D4DD07-288B-489C-8EC1-70F34DB704D0}.Debug|Any CPU.ActiveCfg = Debug|Any CPU
		{76D4DD07-288B-489C-8EC1-70F34DB704D0}.Debug|Any CPU.Build.0 = Debug|Any CPU
		{76D4DD07-288B-489C-8EC1-70F34DB704D0}.Release|Any CPU.ActiveCfg = Release|Any CPU
		{76D4DD07-288B-489C-8EC1-70F34DB704D0}.Release|Any CPU.Build.0 = Release|Any CPU
	EndGlobalSection
	GlobalSection(SolutionProperties) = preSolution
		HideSolutionNode = FALSE
	EndGlobalSection
	GlobalSection(ExtensibilityGlobals) = postSolution
		SolutionGuid = {F2708FF5-F031-4580-9A58-D7FD0FC1CF76}
	EndGlobalSection
EndGlobal
