
Microsoft Visual Studio Solution File, Format Version 12.00
# Visual Studio Version 16
VisualStudioVersion = 16.0.32413.511
MinimumVisualStudioVersion = 10.0.40219.1
Project("{FAE04EC0-301F-11D3-BF4B-00C04F79EFBC}") = "Feladat 35", "Feladat 35\Feladat 35.csproj", "{4E3D57DF-1626-4665-9982-E14884792E15}"
EndProject
Global
	GlobalSection(SolutionConfigurationPlatforms) = preSolution
		Debug|Any CPU = Debug|Any CPU
		Release|Any CPU = Release|Any CPU
	EndGlobalSection
	GlobalSection(ProjectConfigurationPlatforms) = postSolution
		{4E3D57DF-1626-4665-9982-E14884792E15}.Debug|Any CPU.ActiveCfg = Debug|Any CPU
		{4E3D57DF-1626-4665-9982-E14884792E15}.Debug|Any CPU.Build.0 = Debug|Any CPU
		{4E3D57DF-1626-4665-9982-E14884792E15}.Release|Any CPU.ActiveCfg = Release|Any CPU
		{4E3D57DF-1626-4665-9982-E14884792E15}.Release|Any CPU.Build.0 = Release|Any CPU
	EndGlobalSection
	GlobalSection(SolutionProperties) = preSolution
		HideSolutionNode = FALSE
	EndGlobalSection
	GlobalSection(ExtensibilityGlobals) = postSolution
		SolutionGuid = {E7604B21-71F7-4CA2-ACBA-88D1582BF5F7}
	EndGlobalSection
EndGlobal
