
Microsoft Visual Studio Solution File, Format Version 12.00
# Visual Studio Version 16
VisualStudioVersion = 16.0.32413.511
MinimumVisualStudioVersion = 10.0.40219.1
Project("{FAE04EC0-301F-11D3-BF4B-00C04F79EFBC}") = "Feladat 41", "Feladat 41\Feladat 41.csproj", "{02D2F426-CB82-45D9-A621-B432C5123CB6}"
EndProject
Global
	GlobalSection(SolutionConfigurationPlatforms) = preSolution
		Debug|Any CPU = Debug|Any CPU
		Release|Any CPU = Release|Any CPU
	EndGlobalSection
	GlobalSection(ProjectConfigurationPlatforms) = postSolution
		{02D2F426-CB82-45D9-A621-B432C5123CB6}.Debug|Any CPU.ActiveCfg = Debug|Any CPU
		{02D2F426-CB82-45D9-A621-B432C5123CB6}.Debug|Any CPU.Build.0 = Debug|Any CPU
		{02D2F426-CB82-45D9-A621-B432C5123CB6}.Release|Any CPU.ActiveCfg = Release|Any CPU
		{02D2F426-CB82-45D9-A621-B432C5123CB6}.Release|Any CPU.Build.0 = Release|Any CPU
	EndGlobalSection
	GlobalSection(SolutionProperties) = preSolution
		HideSolutionNode = FALSE
	EndGlobalSection
	GlobalSection(ExtensibilityGlobals) = postSolution
		SolutionGuid = {FE458C7F-683C-497D-B777-2F7BAB96505B}
	EndGlobalSection
EndGlobal
