
Microsoft Visual Studio Solution File, Format Version 12.00
# Visual Studio Version 16
VisualStudioVersion = 16.0.32413.511
MinimumVisualStudioVersion = 10.0.40219.1
Project("{FAE04EC0-301F-11D3-BF4B-00C04F79EFBC}") = "Feladat 13", "Feladat 13\Feladat 13.csproj", "{4C95C3DA-E472-4C42-AB3F-77D81B1BFF24}"
EndProject
Global
	GlobalSection(SolutionConfigurationPlatforms) = preSolution
		Debug|Any CPU = Debug|Any CPU
		Release|Any CPU = Release|Any CPU
	EndGlobalSection
	GlobalSection(ProjectConfigurationPlatforms) = postSolution
		{4C95C3DA-E472-4C42-AB3F-77D81B1BFF24}.Debug|Any CPU.ActiveCfg = Debug|Any CPU
		{4C95C3DA-E472-4C42-AB3F-77D81B1BFF24}.Debug|Any CPU.Build.0 = Debug|Any CPU
		{4C95C3DA-E472-4C42-AB3F-77D81B1BFF24}.Release|Any CPU.ActiveCfg = Release|Any CPU
		{4C95C3DA-E472-4C42-AB3F-77D81B1BFF24}.Release|Any CPU.Build.0 = Release|Any CPU
	EndGlobalSection
	GlobalSection(SolutionProperties) = preSolution
		HideSolutionNode = FALSE
	EndGlobalSection
	GlobalSection(ExtensibilityGlobals) = postSolution
		SolutionGuid = {4873F587-205C-48F5-857D-A7C7B4BB484E}
	EndGlobalSection
EndGlobal
