
Microsoft Visual Studio Solution File, Format Version 12.00
# Visual Studio Version 17
VisualStudioVersion = 17.3.32929.385
MinimumVisualStudioVersion = 10.0.40219.1
Project("{FAE04EC0-301F-11D3-BF4B-00C04F79EFBC}") = "Feladat 59", "Feladat 59\Feladat 59.csproj", "{F7114FAB-AB97-4FA8-84DA-4CF6FB4F379B}"
EndProject
Global
	GlobalSection(SolutionConfigurationPlatforms) = preSolution
		Debug|Any CPU = Debug|Any CPU
		Release|Any CPU = Release|Any CPU
	EndGlobalSection
	GlobalSection(ProjectConfigurationPlatforms) = postSolution
		{F7114FAB-AB97-4FA8-84DA-4CF6FB4F379B}.Debug|Any CPU.ActiveCfg = Debug|Any CPU
		{F7114FAB-AB97-4FA8-84DA-4CF6FB4F379B}.Debug|Any CPU.Build.0 = Debug|Any CPU
		{F7114FAB-AB97-4FA8-84DA-4CF6FB4F379B}.Release|Any CPU.ActiveCfg = Release|Any CPU
		{F7114FAB-AB97-4FA8-84DA-4CF6FB4F379B}.Release|Any CPU.Build.0 = Release|Any CPU
	EndGlobalSection
	GlobalSection(SolutionProperties) = preSolution
		HideSolutionNode = FALSE
	EndGlobalSection
	GlobalSection(ExtensibilityGlobals) = postSolution
		SolutionGuid = {89F15529-104B-4DA5-9FFD-7B6B0C0DD7A3}
	EndGlobalSection
EndGlobal
