
Microsoft Visual Studio Solution File, Format Version 12.00
# Visual Studio Version 17
VisualStudioVersion = 17.3.32929.385
MinimumVisualStudioVersion = 10.0.40219.1
Project("{FAE04EC0-301F-11D3-BF4B-00C04F79EFBC}") = "IKT 01", "IKT 01\IKT 01.csproj", "{E35E200E-021F-450B-92F3-0C3D0D5C0794}"
EndProject
Global
	GlobalSection(SolutionConfigurationPlatforms) = preSolution
		Debug|Any CPU = Debug|Any CPU
		Release|Any CPU = Release|Any CPU
	EndGlobalSection
	GlobalSection(ProjectConfigurationPlatforms) = postSolution
		{E35E200E-021F-450B-92F3-0C3D0D5C0794}.Debug|Any CPU.ActiveCfg = Debug|Any CPU
		{E35E200E-021F-450B-92F3-0C3D0D5C0794}.Debug|Any CPU.Build.0 = Debug|Any CPU
		{E35E200E-021F-450B-92F3-0C3D0D5C0794}.Release|Any CPU.ActiveCfg = Release|Any CPU
		{E35E200E-021F-450B-92F3-0C3D0D5C0794}.Release|Any CPU.Build.0 = Release|Any CPU
	EndGlobalSection
	GlobalSection(SolutionProperties) = preSolution
		HideSolutionNode = FALSE
	EndGlobalSection
	GlobalSection(ExtensibilityGlobals) = postSolution
		SolutionGuid = {1B0F156C-7297-4209-8A09-B7E959CA4ABF}
	EndGlobalSection
EndGlobal
