
Microsoft Visual Studio Solution File, Format Version 12.00
# Visual Studio Version 16
VisualStudioVersion = 16.0.32413.511
MinimumVisualStudioVersion = 10.0.40219.1
Project("{FAE04EC0-301F-11D3-BF4B-00C04F79EFBC}") = "Feladat 31", "Feladat 31\Feladat 31.csproj", "{B5A1F43D-F773-4823-A1EF-93087A85660F}"
EndProject
Global
	GlobalSection(SolutionConfigurationPlatforms) = preSolution
		Debug|Any CPU = Debug|Any CPU
		Release|Any CPU = Release|Any CPU
	EndGlobalSection
	GlobalSection(ProjectConfigurationPlatforms) = postSolution
		{B5A1F43D-F773-4823-A1EF-93087A85660F}.Debug|Any CPU.ActiveCfg = Debug|Any CPU
		{B5A1F43D-F773-4823-A1EF-93087A85660F}.Debug|Any CPU.Build.0 = Debug|Any CPU
		{B5A1F43D-F773-4823-A1EF-93087A85660F}.Release|Any CPU.ActiveCfg = Release|Any CPU
		{B5A1F43D-F773-4823-A1EF-93087A85660F}.Release|Any CPU.Build.0 = Release|Any CPU
	EndGlobalSection
	GlobalSection(SolutionProperties) = preSolution
		HideSolutionNode = FALSE
	EndGlobalSection
	GlobalSection(ExtensibilityGlobals) = postSolution
		SolutionGuid = {7F8D9037-808B-45A0-90BA-04FD5265B290}
	EndGlobalSection
EndGlobal
