
Microsoft Visual Studio Solution File, Format Version 12.00
# Visual Studio Version 16
VisualStudioVersion = 16.0.32413.511
MinimumVisualStudioVersion = 10.0.40219.1
Project("{FAE04EC0-301F-11D3-BF4B-00C04F79EFBC}") = "Feladat 09", "Feladat 09\Feladat 09.csproj", "{F2CAF8DF-EB16-4D97-B093-2AA15D6891DF}"
EndProject
Global
	GlobalSection(SolutionConfigurationPlatforms) = preSolution
		Debug|Any CPU = Debug|Any CPU
		Release|Any CPU = Release|Any CPU
	EndGlobalSection
	GlobalSection(ProjectConfigurationPlatforms) = postSolution
		{F2CAF8DF-EB16-4D97-B093-2AA15D6891DF}.Debug|Any CPU.ActiveCfg = Debug|Any CPU
		{F2CAF8DF-EB16-4D97-B093-2AA15D6891DF}.Debug|Any CPU.Build.0 = Debug|Any CPU
		{F2CAF8DF-EB16-4D97-B093-2AA15D6891DF}.Release|Any CPU.ActiveCfg = Release|Any CPU
		{F2CAF8DF-EB16-4D97-B093-2AA15D6891DF}.Release|Any CPU.Build.0 = Release|Any CPU
	EndGlobalSection
	GlobalSection(SolutionProperties) = preSolution
		HideSolutionNode = FALSE
	EndGlobalSection
	GlobalSection(ExtensibilityGlobals) = postSolution
		SolutionGuid = {7E50DC50-E54B-453E-B560-5A442B0730C9}
	EndGlobalSection
EndGlobal
