
Microsoft Visual Studio Solution File, Format Version 12.00
# Visual Studio Version 16
VisualStudioVersion = 16.0.32413.511
MinimumVisualStudioVersion = 10.0.40219.1
Project("{FAE04EC0-301F-11D3-BF4B-00C04F79EFBC}") = "Feladat 21", "Feladat 21\Feladat 21.csproj", "{525E9060-4F49-4E3B-AE82-614FD9E33E8E}"
EndProject
Global
	GlobalSection(SolutionConfigurationPlatforms) = preSolution
		Debug|Any CPU = Debug|Any CPU
		Release|Any CPU = Release|Any CPU
	EndGlobalSection
	GlobalSection(ProjectConfigurationPlatforms) = postSolution
		{525E9060-4F49-4E3B-AE82-614FD9E33E8E}.Debug|Any CPU.ActiveCfg = Debug|Any CPU
		{525E9060-4F49-4E3B-AE82-614FD9E33E8E}.Debug|Any CPU.Build.0 = Debug|Any CPU
		{525E9060-4F49-4E3B-AE82-614FD9E33E8E}.Release|Any CPU.ActiveCfg = Release|Any CPU
		{525E9060-4F49-4E3B-AE82-614FD9E33E8E}.Release|Any CPU.Build.0 = Release|Any CPU
	EndGlobalSection
	GlobalSection(SolutionProperties) = preSolution
		HideSolutionNode = FALSE
	EndGlobalSection
	GlobalSection(ExtensibilityGlobals) = postSolution
		SolutionGuid = {C28C8CDC-A47E-4FB1-B95D-A9CA3F38F8C3}
	EndGlobalSection
EndGlobal
