
Microsoft Visual Studio Solution File, Format Version 12.00
# Visual Studio Version 17
VisualStudioVersion = 17.3.32929.385
MinimumVisualStudioVersion = 10.0.40219.1
Project("{FAE04EC0-301F-11D3-BF4B-00C04F79EFBC}") = "Feladat 53", "Feladat 53\Feladat 53.csproj", "{136FCCF1-FBFD-4F52-99B7-CB73D9AE2B3D}"
EndProject
Global
	GlobalSection(SolutionConfigurationPlatforms) = preSolution
		Debug|Any CPU = Debug|Any CPU
		Release|Any CPU = Release|Any CPU
	EndGlobalSection
	GlobalSection(ProjectConfigurationPlatforms) = postSolution
		{136FCCF1-FBFD-4F52-99B7-CB73D9AE2B3D}.Debug|Any CPU.ActiveCfg = Debug|Any CPU
		{136FCCF1-FBFD-4F52-99B7-CB73D9AE2B3D}.Debug|Any CPU.Build.0 = Debug|Any CPU
		{136FCCF1-FBFD-4F52-99B7-CB73D9AE2B3D}.Release|Any CPU.ActiveCfg = Release|Any CPU
		{136FCCF1-FBFD-4F52-99B7-CB73D9AE2B3D}.Release|Any CPU.Build.0 = Release|Any CPU
	EndGlobalSection
	GlobalSection(SolutionProperties) = preSolution
		HideSolutionNode = FALSE
	EndGlobalSection
	GlobalSection(ExtensibilityGlobals) = postSolution
		SolutionGuid = {26164D84-535E-4201-9485-7E93CB3A4228}
	EndGlobalSection
EndGlobal
