
Microsoft Visual Studio Solution File, Format Version 12.00
# Visual Studio Version 17
VisualStudioVersion = 17.3.32929.385
MinimumVisualStudioVersion = 10.0.40219.1
Project("{FAE04EC0-301F-11D3-BF4B-00C04F79EFBC}") = "IKT 05", "IKT 05\IKT 05.csproj", "{CE37EE36-1CA9-403E-9DC5-4381AB493078}"
EndProject
Global
	GlobalSection(SolutionConfigurationPlatforms) = preSolution
		Debug|Any CPU = Debug|Any CPU
		Release|Any CPU = Release|Any CPU
	EndGlobalSection
	GlobalSection(ProjectConfigurationPlatforms) = postSolution
		{CE37EE36-1CA9-403E-9DC5-4381AB493078}.Debug|Any CPU.ActiveCfg = Debug|Any CPU
		{CE37EE36-1CA9-403E-9DC5-4381AB493078}.Debug|Any CPU.Build.0 = Debug|Any CPU
		{CE37EE36-1CA9-403E-9DC5-4381AB493078}.Release|Any CPU.ActiveCfg = Release|Any CPU
		{CE37EE36-1CA9-403E-9DC5-4381AB493078}.Release|Any CPU.Build.0 = Release|Any CPU
	EndGlobalSection
	GlobalSection(SolutionProperties) = preSolution
		HideSolutionNode = FALSE
	EndGlobalSection
	GlobalSection(ExtensibilityGlobals) = postSolution
		SolutionGuid = {38342887-9FAD-44DD-9AD4-47ED5073A9F6}
	EndGlobalSection
EndGlobal
