
Microsoft Visual Studio Solution File, Format Version 12.00
# Visual Studio Version 17
VisualStudioVersion = 17.3.32929.385
MinimumVisualStudioVersion = 10.0.40219.1
Project("{FAE04EC0-301F-11D3-BF4B-00C04F79EFBC}") = "feladat 80", "feladat 80\feladat 80.csproj", "{6F07CDF3-3D29-47D0-AF80-6ACC433A57EE}"
EndProject
Global
	GlobalSection(SolutionConfigurationPlatforms) = preSolution
		Debug|Any CPU = Debug|Any CPU
		Release|Any CPU = Release|Any CPU
	EndGlobalSection
	GlobalSection(ProjectConfigurationPlatforms) = postSolution
		{6F07CDF3-3D29-47D0-AF80-6ACC433A57EE}.Debug|Any CPU.ActiveCfg = Debug|Any CPU
		{6F07CDF3-3D29-47D0-AF80-6ACC433A57EE}.Debug|Any CPU.Build.0 = Debug|Any CPU
		{6F07CDF3-3D29-47D0-AF80-6ACC433A57EE}.Release|Any CPU.ActiveCfg = Release|Any CPU
		{6F07CDF3-3D29-47D0-AF80-6ACC433A57EE}.Release|Any CPU.Build.0 = Release|Any CPU
	EndGlobalSection
	GlobalSection(SolutionProperties) = preSolution
		HideSolutionNode = FALSE
	EndGlobalSection
	GlobalSection(ExtensibilityGlobals) = postSolution
		SolutionGuid = {E92251D1-07FC-433D-B6CF-BCC88F818CD2}
	EndGlobalSection
EndGlobal
