
Microsoft Visual Studio Solution File, Format Version 12.00
# Visual Studio Version 16
VisualStudioVersion = 16.0.32413.511
MinimumVisualStudioVersion = 10.0.40219.1
Project("{FAE04EC0-301F-11D3-BF4B-00C04F79EFBC}") = "Feladat 47", "Feladat 47\Feladat 47.csproj", "{C2F4C293-518D-467A-8545-05D2ADF486FD}"
EndProject
Global
	GlobalSection(SolutionConfigurationPlatforms) = preSolution
		Debug|Any CPU = Debug|Any CPU
		Release|Any CPU = Release|Any CPU
	EndGlobalSection
	GlobalSection(ProjectConfigurationPlatforms) = postSolution
		{C2F4C293-518D-467A-8545-05D2ADF486FD}.Debug|Any CPU.ActiveCfg = Debug|Any CPU
		{C2F4C293-518D-467A-8545-05D2ADF486FD}.Debug|Any CPU.Build.0 = Debug|Any CPU
		{C2F4C293-518D-467A-8545-05D2ADF486FD}.Release|Any CPU.ActiveCfg = Release|Any CPU
		{C2F4C293-518D-467A-8545-05D2ADF486FD}.Release|Any CPU.Build.0 = Release|Any CPU
	EndGlobalSection
	GlobalSection(SolutionProperties) = preSolution
		HideSolutionNode = FALSE
	EndGlobalSection
	GlobalSection(ExtensibilityGlobals) = postSolution
		SolutionGuid = {99088823-AFCB-455E-BB3A-4A410D049F25}
	EndGlobalSection
EndGlobal
