
Microsoft Visual Studio Solution File, Format Version 12.00
# Visual Studio Version 16
VisualStudioVersion = 16.0.32413.511
MinimumVisualStudioVersion = 10.0.40219.1
Project("{FAE04EC0-301F-11D3-BF4B-00C04F79EFBC}") = "Feladat 18", "Feladat 18\Feladat 18.csproj", "{B3EB056A-4B28-46BB-84A7-A31154DDDE53}"
EndProject
Global
	GlobalSection(SolutionConfigurationPlatforms) = preSolution
		Debug|Any CPU = Debug|Any CPU
		Release|Any CPU = Release|Any CPU
	EndGlobalSection
	GlobalSection(ProjectConfigurationPlatforms) = postSolution
		{B3EB056A-4B28-46BB-84A7-A31154DDDE53}.Debug|Any CPU.ActiveCfg = Debug|Any CPU
		{B3EB056A-4B28-46BB-84A7-A31154DDDE53}.Debug|Any CPU.Build.0 = Debug|Any CPU
		{B3EB056A-4B28-46BB-84A7-A31154DDDE53}.Release|Any CPU.ActiveCfg = Release|Any CPU
		{B3EB056A-4B28-46BB-84A7-A31154DDDE53}.Release|Any CPU.Build.0 = Release|Any CPU
	EndGlobalSection
	GlobalSection(SolutionProperties) = preSolution
		HideSolutionNode = FALSE
	EndGlobalSection
	GlobalSection(ExtensibilityGlobals) = postSolution
		SolutionGuid = {B70E9618-70E8-4210-9598-0A6BA4565027}
	EndGlobalSection
EndGlobal
